{
  "name": "icon-generator",
  "version": "1.0.0",
  "lockfileVersion": 1,
  "requires": true,
  "dependencies": {
    "@mojule/is": {
      "version": "0.3.9",
      "resolved": "https://registry.npmjs.org/@mojule/is/-/is-0.3.9.tgz",
      "integrity": "sha512-CCQQX4CdSmODJkPcbIPuvHRIm1b2ZFcKSWNvjZHDYhoTdzkszhfZPj5lIHPkN1J5rfbGb4QAC8PyuBeOFhlN7A=="
    },
    "@mojule/object-to-css-string": {
      "version": "0.2.0",
      "resolved": "https://registry.npmjs.org/@mojule/object-to-css-string/-/object-to-css-string-0.2.0.tgz",
      "integrity": "sha512-im+51kBnunXUtzg2NJDHqh0OOhRy24SvqK7Z0cYFf0nL/h/jueyP22tDaLB3fE6LgP4AJ6UJv6tFko/ni0Pldg==",
      "requires": {
        "@mojule/is": "^0.3.6",
        "lodash.kebabcase": "^4.1.1"
      }
    },
    "lodash.kebabcase": {
      "version": "4.1.1",
      "resolved": "https://registry.npmjs.org/lodash.kebabcase/-/lodash.kebabcase-4.1.1.tgz",
      "integrity": "sha1-hImxyw0p/4gZXM7KRI/21swpXDY="
    },
    "pn": {
      "version": "1.1.0",
      "resolved": "https://registry.npmjs.org/pn/-/pn-1.1.0.tgz",
      "integrity": "sha512-2qHaIQr2VLRFoxe2nASzsV6ef4yOOH+Fi9FBOVH6cqeSgUnoyySPZkxzLuzd+RYOQTRpROA0ztTMqxROKSb/nA=="
    }
  }
}
